// !$*UTF8*$!
{
	archiveVersion = 1;
	classes = {
	};
	objectVersion = 56;
	objects = {

/* Begin PBXBuildFile section */
		29A51FC3EA0167135E7AC02E /* Pods_workTest.framework in Frameworks */ = {isa = PBXBuildFile; fileRef = 77B576F0CA324D201347B2B3 /* Pods_workTest.framework */; };
		8EDBC07D2B766235005B0220 /* AppDelegate.swift in Sources */ = {isa = PBXBuildFile; fileRef = 8EDBC07C2B766235005B0220 /* AppDelegate.swift */; };
		8EDBC07F2B766235005B0220 /* SceneDelegate.swift in Sources */ = {isa = PBXBuildFile; fileRef = 8EDBC07E2B766235005B0220 /* SceneDelegate.swift */; };
		8EDBC0812B766235005B0220 /* MotoViewController.swift in Sources */ = {isa = PBXBuildFile; fileRef = 8EDBC0802B766235005B0220 /* MotoViewController.swift */; };
		8EDBC0842B766235005B0220 /* Moto.storyboard in Resources */ = {isa = PBXBuildFile; fileRef = 8EDBC0822B766235005B0220 /* Moto.storyboard */; };
		8EDBC0862B766236005B0220 /* Assets.xcassets in Resources */ = {isa = PBXBuildFile; fileRef = 8EDBC0852B766236005B0220 /* Assets.xcassets */; };
		8EDBC0892B766236005B0220 /* LaunchScreen.storyboard in Resources */ = {isa = PBXBuildFile; fileRef = 8EDBC0872B766236005B0220 /* LaunchScreen.storyboard */; };
		8EDBC0942B76800C005B0220 /* InfoErrorView.swift in Sources */ = {isa = PBXBuildFile; fileRef = 8EDBC0932B76800C005B0220 /* InfoErrorView.swift */; };
		8EDBC0972B76803B005B0220 /* NibLoadadable.swift in Sources */ = {isa = PBXBuildFile; fileRef = 8EDBC0962B76803B005B0220 /* NibLoadadable.swift */; };
		8EDBC0992B768067005B0220 /* InfoErrorView.xib in Resources */ = {isa = PBXBuildFile; fileRef = 8EDBC0982B768067005B0220 /* InfoErrorView.xib */; };
		8EDBC09F2B78A2D8005B0220 /* MotoVC+STBFunc.swift in Sources */ = {isa = PBXBuildFile; fileRef = 8EDBC09E2B78A2D8005B0220 /* MotoVC+STBFunc.swift */; };
		8EDBC0A12B78A46C005B0220 /* MotoVC+otherFunc.swift in Sources */ = {isa = PBXBuildFile; fileRef = 8EDBC0A02B78A46C005B0220 /* MotoVC+otherFunc.swift */; };
/* End PBXBuildFile section */

/* Begin PBXFileReference section */
		39A014BBEA16633CA673018E /* Pods-workTest.release.xcconfig */ = {isa = PBXFileReference; includeInIndex = 1; lastKnownFileType = text.xcconfig; name = "Pods-workTest.release.xcconfig"; path = "Target Support Files/Pods-workTest/Pods-workTest.release.xcconfig"; sourceTree = "<group>"; };
		64A61DCFB3725B059AAEB80F /* Pods-workTest.debug.xcconfig */ = {isa = PBXFileReference; includeInIndex = 1; lastKnownFileType = text.xcconfig; name = "Pods-workTest.debug.xcconfig"; path = "Target Support Files/Pods-workTest/Pods-workTest.debug.xcconfig"; sourceTree = "<group>"; };
		77B576F0CA324D201347B2B3 /* Pods_workTest.framework */ = {isa = PBXFileReference; explicitFileType = wrapper.framework; includeInIndex = 0; path = Pods_workTest.framework; sourceTree = BUILT_PRODUCTS_DIR; };
		8EDBC0792B766235005B0220 /* workTest.app */ = {isa = PBXFileReference; explicitFileType = wrapper.application; includeInIndex = 0; path = workTest.app; sourceTree = BUILT_PRODUCTS_DIR; };
		8EDBC07C2B766235005B0220 /* AppDelegate.swift */ = {isa = PBXFileReference; lastKnownFileType = sourcecode.swift; path = AppDelegate.swift; sourceTree = "<group>"; };
		8EDBC07E2B766235005B0220 /* SceneDelegate.swift */ = {isa = PBXFileReference; lastKnownFileType = sourcecode.swift; path = SceneDelegate.swift; sourceTree = "<group>"; };
		8EDBC0802B766235005B0220 /* MotoViewController.swift */ = {isa = PBXFileReference; lastKnownFileType = sourcecode.swift; path = MotoViewController.swift; sourceTree = "<group>"; };
		8EDBC0832B766235005B0220 /* Base */ = {isa = PBXFileReference; lastKnownFileType = file.storyboard; name = Base; path = Base.lproj/Moto.storyboard; sourceTree = "<group>"; };
		8EDBC0852B766236005B0220 /* Assets.xcassets */ = {isa = PBXFileReference; lastKnownFileType = folder.assetcatalog; path = Assets.xcassets; sourceTree = "<group>"; };
		8EDBC0882B766236005B0220 /* Base */ = {isa = PBXFileReference; lastKnownFileType = file.storyboard; name = Base; path = Base.lproj/LaunchScreen.storyboard; sourceTree = "<group>"; };
		8EDBC08A2B766236005B0220 /* Info.plist */ = {isa = PBXFileReference; lastKnownFileType = text.plist.xml; path = Info.plist; sourceTree = "<group>"; };
		8EDBC0932B76800C005B0220 /* InfoErrorView.swift */ = {isa = PBXFileReference; lastKnownFileType = sourcecode.swift; path = InfoErrorView.swift; sourceTree = "<group>"; xcLanguageSpecificationIdentifier = xcode.lang.swift; };
		8EDBC0962B76803B005B0220 /* NibLoadadable.swift */ = {isa = PBXFileReference; lastKnownFileType = sourcecode.swift; path = NibLoadadable.swift; sourceTree = "<group>"; };
		8EDBC0982B768067005B0220 /* InfoErrorView.xib */ = {isa = PBXFileReference; lastKnownFileType = file.xib; path = InfoErrorView.xib; sourceTree = "<group>"; };
		8EDBC09E2B78A2D8005B0220 /* MotoVC+STBFunc.swift */ = {isa = PBXFileReference; lastKnownFileType = sourcecode.swift; path = "MotoVC+STBFunc.swift"; sourceTree = "<group>"; };
		8EDBC0A02B78A46C005B0220 /* MotoVC+otherFunc.swift */ = {isa = PBXFileReference; lastKnownFileType = sourcecode.swift; path = "MotoVC+otherFunc.swift"; sourceTree = "<group>"; };
/* End PBXFileReference section */

/* Begin PBXFrameworksBuildPhase section */
		8EDBC0762B766235005B0220 /* Frameworks */ = {
			isa = PBXFrameworksBuildPhase;
			buildActionMask = 2147483647;
			files = (
				29A51FC3EA0167135E7AC02E /* Pods_workTest.framework in Frameworks */,
			);
			runOnlyForDeploymentPostprocessing = 0;
		};
/* End PBXFrameworksBuildPhase section */

/* Begin PBXGroup section */
		2B0F554602625374AB2819D3 /* Frameworks */ = {
			isa = PBXGroup;
			children = (
				77B576F0CA324D201347B2B3 /* Pods_workTest.framework */,
			);
			name = Frameworks;
			sourceTree = "<group>";
		};
		53B02879D32FDB94854CAD04 /* Pods */ = {
			isa = PBXGroup;
			children = (
				64A61DCFB3725B059AAEB80F /* Pods-workTest.debug.xcconfig */,
				39A014BBEA16633CA673018E /* Pods-workTest.release.xcconfig */,
			);
			path = Pods;
			sourceTree = "<group>";
		};
		8EDBC0702B766235005B0220 = {
			isa = PBXGroup;
			children = (
				8EDBC07B2B766235005B0220 /* workTest */,
				8EDBC07A2B766235005B0220 /* Products */,
				53B02879D32FDB94854CAD04 /* Pods */,
				2B0F554602625374AB2819D3 /* Frameworks */,
			);
			sourceTree = "<group>";
		};
		8EDBC07A2B766235005B0220 /* Products */ = {
			isa = PBXGroup;
			children = (
				8EDBC0792B766235005B0220 /* workTest.app */,
			);
			name = Products;
			sourceTree = "<group>";
		};
		8EDBC07B2B766235005B0220 /* workTest */ = {
			isa = PBXGroup;
			children = (
				8EDBC0952B768027005B0220 /* Base */,
				8EDBC0912B767FB7005B0220 /* NibViews */,
				8EDBC07C2B766235005B0220 /* AppDelegate.swift */,
				8EDBC07E2B766235005B0220 /* SceneDelegate.swift */,
				8EDBC09A2B789C29005B0220 /* ViewControllers */,
				8EDBC09B2B789C45005B0220 /* Storyboars */,
				8EDBC0852B766236005B0220 /* Assets.xcassets */,
				8EDBC0872B766236005B0220 /* LaunchScreen.storyboard */,
				8EDBC08A2B766236005B0220 /* Info.plist */,
			);
			path = workTest;
			sourceTree = "<group>";
		};
		8EDBC0912B767FB7005B0220 /* NibViews */ = {
			isa = PBXGroup;
			children = (
				8EDBC0922B767FF3005B0220 /* General */,
			);
			path = NibViews;
			sourceTree = "<group>";
		};
		8EDBC0922B767FF3005B0220 /* General */ = {
			isa = PBXGroup;
			children = (
				8EDBC0932B76800C005B0220 /* InfoErrorView.swift */,
				8EDBC0982B768067005B0220 /* InfoErrorView.xib */,
			);
			path = General;
			sourceTree = "<group>";
		};
		8EDBC0952B768027005B0220 /* Base */ = {
			isa = PBXGroup;
			children = (
				8EDBC0962B76803B005B0220 /* NibLoadadable.swift */,
			);
			path = Base;
			sourceTree = "<group>";
		};
		8EDBC09A2B789C29005B0220 /* ViewControllers */ = {
			isa = PBXGroup;
			children = (
				8EDBC0802B766235005B0220 /* MotoViewController.swift */,
				8EDBC09C2B789C57005B0220 /* Extensions */,
			);
			path = ViewControllers;
			sourceTree = "<group>";
		};
		8EDBC09B2B789C45005B0220 /* Storyboars */ = {
			isa = PBXGroup;
			children = (
				8EDBC0822B766235005B0220 /* Moto.storyboard */,
			);
			path = Storyboars;
			sourceTree = "<group>";
		};
		8EDBC09C2B789C57005B0220 /* Extensions */ = {
			isa = PBXGroup;
			children = (
				8EDBC09E2B78A2D8005B0220 /* MotoVC+STBFunc.swift */,
				8EDBC0A02B78A46C005B0220 /* MotoVC+otherFunc.swift */,
			);
			path = Extensions;
			sourceTree = "<group>";
		};
/* End PBXGroup section */

/* Begin PBXNativeTarget section */
		8EDBC0782B766235005B0220 /* workTest */ = {
			isa = PBXNativeTarget;
			buildConfigurationList = 8EDBC08D2B766236005B0220 /* Build configuration list for PBXNativeTarget "workTest" */;
			buildPhases = (
				6ABB0E26F8BFB0F2F2D090C9 /* [CP] Check Pods Manifest.lock */,
				8EDBC0752B766235005B0220 /* Sources */,
				8EDBC0762B766235005B0220 /* Frameworks */,
				8EDBC0772B766235005B0220 /* Resources */,
				8EDBC09D2B78A111005B0220 /* ShellScript */,
			);
			buildRules = (
			);
			dependencies = (
			);
			name = workTest;
			productName = workTest;
			productReference = 8EDBC0792B766235005B0220 /* workTest.app */;
			productType = "com.apple.product-type.application";
		};
/* End PBXNativeTarget section */

/* Begin PBXProject section */
		8EDBC0712B766235005B0220 /* Project object */ = {
			isa = PBXProject;
			attributes = {
				BuildIndependentTargetsInParallel = 1;
				LastSwiftUpdateCheck = 1520;
				LastUpgradeCheck = 1520;
				TargetAttributes = {
					8EDBC0782B766235005B0220 = {
						CreatedOnToolsVersion = 15.2;
					};
				};
			};
			buildConfigurationList = 8EDBC0742B766235005B0220 /* Build configuration list for PBXProject "workTest" */;
			compatibilityVersion = "Xcode 14.0";
			developmentRegion = en;
			hasScannedForEncodings = 0;
			knownRegions = (
				en,
				Base,
			);
			mainGroup = 8EDBC0702B766235005B0220;
			productRefGroup = 8EDBC07A2B766235005B0220 /* Products */;
			projectDirPath = "";
			projectRoot = "";
			targets = (
				8EDBC0782B766235005B0220 /* workTest */,
			);
		};
/* End PBXProject section */

/* Begin PBXResourcesBuildPhase section */
		8EDBC0772B766235005B0220 /* Resources */ = {
			isa = PBXResourcesBuildPhase;
			buildActionMask = 2147483647;
			files = (
				8EDBC0892B766236005B0220 /* LaunchScreen.storyboard in Resources */,
				8EDBC0862B766236005B0220 /* Assets.xcassets in Resources */,
				8EDBC0842B766235005B0220 /* Moto.storyboard in Resources */,
				8EDBC0992B768067005B0220 /* InfoErrorView.xib in Resources */,
			);
			runOnlyForDeploymentPostprocessing = 0;
		};
/* End PBXResourcesBuildPhase section */

/* Begin PBXShellScriptBuildPhase section */
		6ABB0E26F8BFB0F2F2D090C9 /* [CP] Check Pods Manifest.lock */ = {
			isa = PBXShellScriptBuildPhase;
			buildActionMask = 2147483647;
			files = (
			);
			inputFileListPaths = (
			);
			inputPaths = (
				"${PODS_PODFILE_DIR_PATH}/Podfile.lock",
				"${PODS_ROOT}/Manifest.lock",
			);
			name = "[CP] Check Pods Manifest.lock";
			outputFileListPaths = (
			);
			outputPaths = (
				"$(DERIVED_FILE_DIR)/Pods-workTest-checkManifestLockResult.txt",
			);
			runOnlyForDeploymentPostprocessing = 0;
			shellPath = /bin/sh;
			shellScript = "diff \"${PODS_PODFILE_DIR_PATH}/Podfile.lock\" \"${PODS_ROOT}/Manifest.lock\" > /dev/null\nif [ $? != 0 ] ; then\n    # print error to STDERR\n    echo \"error: The sandbox is not in sync with the Podfile.lock. Run 'pod install' or update your CocoaPods installation.\" >&2\n    exit 1\nfi\n# This output is used by Xcode 'outputs' to avoid re-running this script phase.\necho \"SUCCESS\" > \"${SCRIPT_OUTPUT_FILE_0}\"\n";
			showEnvVarsInLog = 0;
		};
		8EDBC09D2B78A111005B0220 /* ShellScript */ = {
			isa = PBXShellScriptBuildPhase;
			alwaysOutOfDate = 1;
			buildActionMask = 2147483647;
			files = (
			);
			inputFileListPaths = (
			);
			inputPaths = (
			);
			outputFileListPaths = (
			);
			outputPaths = (
			);
			runOnlyForDeploymentPostprocessing = 0;
			shellPath = /bin/sh;
			shellScript = "\"${PODS_ROOT}/SwiftLint/swiftlint\"\n";
		};
/* End PBXShellScriptBuildPhase section */

/* Begin PBXSourcesBuildPhase section */
		8EDBC0752B766235005B0220 /* Sources */ = {
			isa = PBXSourcesBuildPhase;
			buildActionMask = 2147483647;
			files = (
				8EDBC0812B766235005B0220 /* MotoViewController.swift in Sources */,
				8EDBC0972B76803B005B0220 /* NibLoadadable.swift in Sources */,
				8EDBC09F2B78A2D8005B0220 /* MotoVC+STBFunc.swift in Sources */,
				8EDBC0A12B78A46C005B0220 /* MotoVC+otherFunc.swift in Sources */,
				8EDBC07D2B766235005B0220 /* AppDelegate.swift in Sources */,
				8EDBC07F2B766235005B0220 /* SceneDelegate.swift in Sources */,
				8EDBC0942B76800C005B0220 /* InfoErrorView.swift in Sources */,
			);
			runOnlyForDeploymentPostprocessing = 0;
		};
/* End PBXSourcesBuildPhase section */

/* Begin PBXVariantGroup section */
		8EDBC0822B766235005B0220 /* Moto.storyboard */ = {
			isa = PBXVariantGroup;
			children = (
				8EDBC0832B766235005B0220 /* Base */,
			);
			name = Moto.storyboard;
			sourceTree = "<group>";
		};
		8EDBC0872B766236005B0220 /* LaunchScreen.storyboard */ = {
			isa = PBXVariantGroup;
			children = (
				8EDBC0882B766236005B0220 /* Base */,
			);
			name = LaunchScreen.storyboard;
			sourceTree = "<group>";
		};
/* End PBXVariantGroup section */

/* Begin XCBuildConfiguration section */
		8EDBC08B2B766236005B0220 /* Debug */ = {
			isa = XCBuildConfiguration;
			buildSettings = {
				ALWAYS_SEARCH_USER_PATHS = NO;
				ASSETCATALOG_COMPILER_GENERATE_SWIFT_ASSET_SYMBOL_EXTENSIONS = YES;
				CLANG_ANALYZER_NONNULL = YES;
				CLANG_ANALYZER_NUMBER_OBJECT_CONVERSION = YES_AGGRESSIVE;
				CLANG_CXX_LANGUAGE_STANDARD = "gnu++20";
				CLANG_ENABLE_MODULES = YES;
				CLANG_ENABLE_OBJC_ARC = YES;
				CLANG_ENABLE_OBJC_WEAK = YES;
				CLANG_WARN_BLOCK_CAPTURE_AUTORELEASING = YES;
				CLANG_WARN_BOOL_CONVERSION = YES;
				CLANG_WARN_COMMA = YES;
				CLANG_WARN_CONSTANT_CONVERSION = YES;
				CLANG_WARN_DEPRECATED_OBJC_IMPLEMENTATIONS = YES;
				CLANG_WARN_DIRECT_OBJC_ISA_USAGE = YES_ERROR;
				CLANG_WARN_DOCUMENTATION_COMMENTS = YES;
				CLANG_WARN_EMPTY_BODY = YES;
				CLANG_WARN_ENUM_CONVERSION = YES;
				CLANG_WARN_INFINITE_RECURSION = YES;
				CLANG_WARN_INT_CONVERSION = YES;
				CLANG_WARN_NON_LITERAL_NULL_CONVERSION = YES;
				CLANG_WARN_OBJC_IMPLICIT_RETAIN_SELF = YES;
				CLANG_WARN_OBJC_LITERAL_CONVERSION = YES;
				CLANG_WARN_OBJC_ROOT_CLASS = YES_ERROR;
				CLANG_WARN_QUOTED_INCLUDE_IN_FRAMEWORK_HEADER = YES;
				CLANG_WARN_RANGE_LOOP_ANALYSIS = YES;
				CLANG_WARN_STRICT_PROTOTYPES = YES;
				CLANG_WARN_SUSPICIOUS_MOVE = YES;
				CLANG_WARN_UNGUARDED_AVAILABILITY = YES_AGGRESSIVE;
				CLANG_WARN_UNREACHABLE_CODE = YES;
				CLANG_WARN__DUPLICATE_METHOD_MATCH = YES;
				COPY_PHASE_STRIP = NO;
				DEBUG_INFORMATION_FORMAT = dwarf;
				ENABLE_STRICT_OBJC_MSGSEND = YES;
				ENABLE_TESTABILITY = YES;
				ENABLE_USER_SCRIPT_SANDBOXING = NO;
				GCC_C_LANGUAGE_STANDARD = gnu17;
				GCC_DYNAMIC_NO_PIC = NO;
				GCC_NO_COMMON_BLOCKS = YES;
				GCC_OPTIMIZATION_LEVEL = 0;
				GCC_PREPROCESSOR_DEFINITIONS = (
					"DEBUG=1",
					"$(inherited)",
				);
				GCC_WARN_64_TO_32_BIT_CONVERSION = YES;
				GCC_WARN_ABOUT_RETURN_TYPE = YES_ERROR;
				GCC_WARN_UNDECLARED_SELECTOR = YES;
				GCC_WARN_UNINITIALIZED_AUTOS = YES_AGGRESSIVE;
				GCC_WARN_UNUSED_FUNCTION = YES;
				GCC_WARN_UNUSED_VARIABLE = YES;
				IPHONEOS_DEPLOYMENT_TARGET = 16.0;
				LOCALIZATION_PREFERS_STRING_CATALOGS = YES;
				MTL_ENABLE_DEBUG_INFO = INCLUDE_SOURCE;
				MTL_FAST_MATH = YES;
				ONLY_ACTIVE_ARCH = YES;
				SDKROOT = iphoneos;
				SWIFT_ACTIVE_COMPILATION_CONDITIONS = "DEBUG $(inherited)";
				SWIFT_OPTIMIZATION_LEVEL = "-Onone";
			};
			name = Debug;
		};
		8EDBC08C2B766236005B0220 /* Release */ = {
			isa = XCBuildConfiguration;
			buildSettings = {
				ALWAYS_SEARCH_USER_PATHS = NO;
				ASSETCATALOG_COMPILER_GENERATE_SWIFT_ASSET_SYMBOL_EXTENSIONS = YES;
				CLANG_ANALYZER_NONNULL = YES;
				CLANG_ANALYZER_NUMBER_OBJECT_CONVERSION = YES_AGGRESSIVE;
				CLANG_CXX_LANGUAGE_STANDARD = "gnu++20";
				CLANG_ENABLE_MODULES = YES;
				CLANG_ENABLE_OBJC_ARC = YES;
				CLANG_ENABLE_OBJC_WEAK = YES;
				CLANG_WARN_BLOCK_CAPTURE_AUTORELEASING = YES;
				CLANG_WARN_BOOL_CONVERSION = YES;
				CLANG_WARN_COMMA = YES;
				CLANG_WARN_CONSTANT_CONVERSION = YES;
				CLANG_WARN_DEPRECATED_OBJC_IMPLEMENTATIONS = YES;
				CLANG_WARN_DIRECT_OBJC_ISA_USAGE = YES_ERROR;
				CLANG_WARN_DOCUMENTATION_COMMENTS = YES;
				CLANG_WARN_EMPTY_BODY = YES;
				CLANG_WARN_ENUM_CONVERSION = YES;
				CLANG_WARN_INFINITE_RECURSION = YES;
				CLANG_WARN_INT_CONVERSION = YES;
				CLANG_WARN_NON_LITERAL_NULL_CONVERSION = YES;
				CLANG_WARN_OBJC_IMPLICIT_RETAIN_SELF = YES;
				CLANG_WARN_OBJC_LITERAL_CONVERSION = YES;
				CLANG_WARN_OBJC_ROOT_CLASS = YES_ERROR;
				CLANG_WARN_QUOTED_INCLUDE_IN_FRAMEWORK_HEADER = YES;
				CLANG_WARN_RANGE_LOOP_ANALYSIS = YES;
				CLANG_WARN_STRICT_PROTOTYPES = YES;
				CLANG_WARN_SUSPICIOUS_MOVE = YES;
				CLANG_WARN_UNGUARDED_AVAILABILITY = YES_AGGRESSIVE;
				CLANG_WARN_UNREACHABLE_CODE = YES;
				CLANG_WARN__DUPLICATE_METHOD_MATCH = YES;
				COPY_PHASE_STRIP = NO;
				DEBUG_INFORMATION_FORMAT = "dwarf-with-dsym";
				ENABLE_NS_ASSERTIONS = NO;
				ENABLE_STRICT_OBJC_MSGSEND = YES;
				ENABLE_USER_SCRIPT_SANDBOXING = NO;
				GCC_C_LANGUAGE_STANDARD = gnu17;
				GCC_NO_COMMON_BLOCKS = YES;
				GCC_WARN_64_TO_32_BIT_CONVERSION = YES;
				GCC_WARN_ABOUT_RETURN_TYPE = YES_ERROR;
				GCC_WARN_UNDECLARED_SELECTOR = YES;
				GCC_WARN_UNINITIALIZED_AUTOS = YES_AGGRESSIVE;
				GCC_WARN_UNUSED_FUNCTION = YES;
				GCC_WARN_UNUSED_VARIABLE = YES;
				IPHONEOS_DEPLOYMENT_TARGET = 16.0;
				LOCALIZATION_PREFERS_STRING_CATALOGS = YES;
				MTL_ENABLE_DEBUG_INFO = NO;
				MTL_FAST_MATH = YES;
				SDKROOT = iphoneos;
				SWIFT_COMPILATION_MODE = wholemodule;
				VALIDATE_PRODUCT = YES;
			};
			name = Release;
		};
		8EDBC08E2B766236005B0220 /* Debug */ = {
			isa = XCBuildConfiguration;
			baseConfigurationReference = 64A61DCFB3725B059AAEB80F /* Pods-workTest.debug.xcconfig */;
			buildSettings = {
				ASSETCATALOG_COMPILER_APPICON_NAME = AppIcon;
				ASSETCATALOG_COMPILER_GLOBAL_ACCENT_COLOR_NAME = AccentColor;
				CODE_SIGN_STYLE = Automatic;
				CURRENT_PROJECT_VERSION = 1;
				DEVELOPMENT_TEAM = 5KUG934SZ8;
				GENERATE_INFOPLIST_FILE = YES;
				INFOPLIST_FILE = workTest/Info.plist;
				INFOPLIST_KEY_CFBundleDisplayName = workTest;
				INFOPLIST_KEY_UIApplicationSupportsIndirectInputEvents = YES;
				INFOPLIST_KEY_UILaunchStoryboardName = Moto.storyboard;
				INFOPLIST_KEY_UIMainStoryboardFile = Moto;
				INFOPLIST_KEY_UIRequiresFullScreen = YES;
				INFOPLIST_KEY_UISupportedInterfaceOrientations = UIInterfaceOrientationPortrait;
				LD_RUNPATH_SEARCH_PATHS = (
					"$(inherited)",
					"@executable_path/Frameworks",
				);
				MARKETING_VERSION = 1.0;
				PRODUCT_BUNDLE_IDENTIFIER = pma.workTest;
				PRODUCT_NAME = "$(TARGET_NAME)";
				SWIFT_EMIT_LOC_STRINGS = YES;
				SWIFT_VERSION = 5.0;
				TARGETED_DEVICE_FAMILY = "1,2";
			};
			name = Debug;
		};
		8EDBC08F2B766236005B0220 /* Release */ = {
			isa = XCBuildConfiguration;
			baseConfigurationReference = 39A014BBEA16633CA673018E /* Pods-workTest.release.xcconfig */;
			buildSettings = {
				ASSETCATALOG_COMPILER_APPICON_NAME = AppIcon;
				ASSETCATALOG_COMPILER_GLOBAL_ACCENT_COLOR_NAME = AccentColor;
				CODE_SIGN_STYLE = Automatic;
				CURRENT_PROJECT_VERSION = 1;
				DEVELOPMENT_TEAM = 5KUG934SZ8;
				GENERATE_INFOPLIST_FILE = YES;
				INFOPLIST_FILE = workTest/Info.plist;
				INFOPLIST_KEY_CFBundleDisplayName = workTest;
				INFOPLIST_KEY_UIApplicationSupportsIndirectInputEvents = YES;
				INFOPLIST_KEY_UILaunchStoryboardName = Moto.storyboard;
				INFOPLIST_KEY_UIMainStoryboardFile = Moto;
				INFOPLIST_KEY_UIRequiresFullScreen = YES;
				INFOPLIST_KEY_UISupportedInterfaceOrientations = UIInterfaceOrientationPortrait;
				LD_RUNPATH_SEARCH_PATHS = (
					"$(inherited)",
					"@executable_path/Frameworks",
				);
				MARKETING_VERSION = 1.0;
				PRODUCT_BUNDLE_IDENTIFIER = pma.workTest;
				PRODUCT_NAME = "$(TARGET_NAME)";
				SWIFT_EMIT_LOC_STRINGS = YES;
				SWIFT_VERSION = 5.0;
				TARGETED_DEVICE_FAMILY = "1,2";
			};
			name = Release;
		};
/* End XCBuildConfiguration section */

/* Begin XCConfigurationList section */
		8EDBC0742B766235005B0220 /* Build configuration list for PBXProject "workTest" */ = {
			isa = XCConfigurationList;
			buildConfigurations = (
				8EDBC08B2B766236005B0220 /* Debug */,
				8EDBC08C2B766236005B0220 /* Release */,
			);
			defaultConfigurationIsVisible = 0;
			defaultConfigurationName = Release;
		};
		8EDBC08D2B766236005B0220 /* Build configuration list for PBXNativeTarget "workTest" */ = {
			isa = XCConfigurationList;
			buildConfigurations = (
				8EDBC08E2B766236005B0220 /* Debug */,
				8EDBC08F2B766236005B0220 /* Release */,
			);
			defaultConfigurationIsVisible = 0;
			defaultConfigurationName = Release;
		};
/* End XCConfigurationList section */
	};
	rootObject = 8EDBC0712B766235005B0220 /* Project object */;
}
